// !$*UTF8*$!
{
	archiveVersion = 1;
	classes = {
	};
	objectVersion = 50;
	objects = {

/* Begin PBXBuildFile section */
		A0712D9590BFA41C35A6CC8C /* Pods_JenkinsDemo.framework in Frameworks */ = {isa = PBXBuildFile; fileRef = B45ECD3DEAFB81C8A1F2CE0F /* Pods_JenkinsDemo.framework */; };
		E37D4E862100779500612A71 /* AppDelegate.swift in Sources */ = {isa = PBXBuildFile; fileRef = E37D4E852100779500612A71 /* AppDelegate.swift */; };
		E37D4E882100779500612A71 /* ViewController.swift in Sources */ = {isa = PBXBuildFile; fileRef = E37D4E872100779500612A71 /* ViewController.swift */; };
		E37D4E8B2100779500612A71 /* Main.storyboard in Resources */ = {isa = PBXBuildFile; fileRef = E37D4E892100779500612A71 /* Main.storyboard */; };
		E37D4E8D2100779700612A71 /* Assets.xcassets in Resources */ = {isa = PBXBuildFile; fileRef = E37D4E8C2100779700612A71 /* Assets.xcassets */; };
/* End PBXBuildFile section */

/* Begin PBXFileReference section */
		B45ECD3DEAFB81C8A1F2CE0F /* Pods_JenkinsDemo.framework */ = {isa = PBXFileReference; explicitFileType = wrapper.framework; includeInIndex = 0; path = Pods_JenkinsDemo.framework; sourceTree = BUILT_PRODUCTS_DIR; };
		CBBEFFBFB59BAD2886C4BA83 /* Pods-JenkinsDemo.release.xcconfig */ = {isa = PBXFileReference; includeInIndex = 1; lastKnownFileType = text.xcconfig; name = "Pods-JenkinsDemo.release.xcconfig"; path = "Pods/Target Support Files/Pods-JenkinsDemo/Pods-JenkinsDemo.release.xcconfig"; sourceTree = "<group>"; };
		DA9F4E60770A55141FD66082 /* Pods-JenkinsDemo.debug.xcconfig */ = {isa = PBXFileReference; includeInIndex = 1; lastKnownFileType = text.xcconfig; name = "Pods-JenkinsDemo.debug.xcconfig"; path = "Pods/Target Support Files/Pods-JenkinsDemo/Pods-JenkinsDemo.debug.xcconfig"; sourceTree = "<group>"; };
		E37D4E822100779500612A71 /* JenkinsDemo.app */ = {isa = PBXFileReference; explicitFileType = wrapper.application; includeInIndex = 0; path = JenkinsDemo.app; sourceTree = BUILT_PRODUCTS_DIR; };
		E37D4E852100779500612A71 /* AppDelegate.swift */ = {isa = PBXFileReference; lastKnownFileType = sourcecode.swift; path = AppDelegate.swift; sourceTree = "<group>"; };
		E37D4E872100779500612A71 /* ViewController.swift */ = {isa = PBXFileReference; lastKnownFileType = sourcecode.swift; path = ViewController.swift; sourceTree = "<group>"; };
		E37D4E8A2100779500612A71 /* Base */ = {isa = PBXFileReference; lastKnownFileType = file.storyboard; name = Base; path = Base.lproj/Main.storyboard; sourceTree = "<group>"; };
		E37D4E8C2100779700612A71 /* Assets.xcassets */ = {isa = PBXFileReference; lastKnownFileType = folder.assetcatalog; path = Assets.xcassets; sourceTree = "<group>"; };
		E37D4E912100779700612A71 /* Info.plist */ = {isa = PBXFileReference; lastKnownFileType = text.plist.xml; path = Info.plist; sourceTree = "<group>"; };
/* End PBXFileReference section */

/* Begin PBXFrameworksBuildPhase section */
		E37D4E7F2100779500612A71 /* Frameworks */ = {
			isa = PBXFrameworksBuildPhase;
			buildActionMask = 2147483647;
			files = (
				A0712D9590BFA41C35A6CC8C /* Pods_JenkinsDemo.framework in Frameworks */,
			);
			runOnlyForDeploymentPostprocessing = 0;
		};
/* End PBXFrameworksBuildPhase section */

/* Begin PBXGroup section */
		0981FEEB241AE9A0B7F561B0 /* Frameworks */ = {
			isa = PBXGroup;
			children = (
				B45ECD3DEAFB81C8A1F2CE0F /* Pods_JenkinsDemo.framework */,
			);
			name = Frameworks;
			sourceTree = "<group>";
		};
		6B0F314E670A7E76CC62CD1B /* Pods */ = {
			isa = PBXGroup;
			children = (
				DA9F4E60770A55141FD66082 /* Pods-JenkinsDemo.debug.xcconfig */,
				CBBEFFBFB59BAD2886C4BA83 /* Pods-JenkinsDemo.release.xcconfig */,
			);
			name = Pods;
			sourceTree = "<group>";
		};
		E37D4E792100779500612A71 = {
			isa = PBXGroup;
			children = (
				E37D4E842100779500612A71 /* JenkinsDemo */,
				E37D4E832100779500612A71 /* Products */,
				6B0F314E670A7E76CC62CD1B /* Pods */,
				0981FEEB241AE9A0B7F561B0 /* Frameworks */,
			);
			sourceTree = "<group>";
		};
		E37D4E832100779500612A71 /* Products */ = {
			isa = PBXGroup;
			children = (
				E37D4E822100779500612A71 /* JenkinsDemo.app */,
			);
			name = Products;
			sourceTree = "<group>";
		};
		E37D4E842100779500612A71 /* JenkinsDemo */ = {
			isa = PBXGroup;
			children = (
				E37D4E852100779500612A71 /* AppDelegate.swift */,
				E37D4E872100779500612A71 /* ViewController.swift */,
				E37D4E892100779500612A71 /* Main.storyboard */,
				E37D4E8C2100779700612A71 /* Assets.xcassets */,
				E37D4E912100779700612A71 /* Info.plist */,
			);
			path = JenkinsDemo;
			sourceTree = "<group>";
		};
/* End PBXGroup section */

/* Begin PBXNativeTarget section */
		E37D4E812100779500612A71 /* JenkinsDemo */ = {
			isa = PBXNativeTarget;
			buildConfigurationList = E37D4E942100779700612A71 /* Build configuration list for PBXNativeTarget "JenkinsDemo" */;
			buildPhases = (
				FCB5697701DF930BA296EFE6 /* [CP] Check Pods Manifest.lock */,
				E37D4E7E2100779500612A71 /* Sources */,
				E37D4E7F2100779500612A71 /* Frameworks */,
				E37D4E802100779500612A71 /* Resources */,
				F4078D368968ABEB2A5A614F /* [CP] Embed Pods Frameworks */,
				E53B8DB586CA6095CDCBE34C /* [CP] Copy Pods Resources */,
			);
			buildRules = (
			);
			dependencies = (
			);
			name = JenkinsDemo;
			productName = JenkinsDemo;
			productReference = E37D4E822100779500612A71 /* JenkinsDemo.app */;
			productType = "com.apple.product-type.application";
		};
/* End PBXNativeTarget section */

/* Begin PBXProject section */
		E37D4E7A2100779500612A71 /* Project object */ = {
			isa = PBXProject;
			attributes = {
				LastSwiftUpdateCheck = 0940;
				LastUpgradeCheck = 0940;
				ORGANIZATIONNAME = "JuBaoHui Tech.";
				TargetAttributes = {
					E37D4E812100779500612A71 = {
						CreatedOnToolsVersion = 9.4.1;
					};
				};
			};
			buildConfigurationList = E37D4E7D2100779500612A71 /* Build configuration list for PBXProject "JenkinsDemo" */;
			compatibilityVersion = "Xcode 9.3";
			developmentRegion = en;
			hasScannedForEncodings = 0;
			knownRegions = (
				en,
				Base,
			);
			mainGroup = E37D4E792100779500612A71;
			productRefGroup = E37D4E832100779500612A71 /* Products */;
			projectDirPath = "";
			projectRoot = "";
			targets = (
				E37D4E812100779500612A71 /* JenkinsDemo */,
			);
		};
/* End PBXProject section */

/* Begin PBXResourcesBuildPhase section */
		E37D4E802100779500612A71 /* Resources */ = {
			isa = PBXResourcesBuildPhase;
			buildActionMask = 2147483647;
			files = (
				E37D4E8D2100779700612A71 /* Assets.xcassets in Resources */,
				E37D4E8B2100779500612A71 /* Main.storyboard in Resources */,
			);
			runOnlyForDeploymentPostprocessing = 0;
		};
/* End PBXResourcesBuildPhase section */

/* Begin PBXShellScriptBuildPhase section */
		E53B8DB586CA6095CDCBE34C /* [CP] Copy Pods Resources */ = {
			isa = PBXShellScriptBuildPhase;
			buildActionMask = 2147483647;
			files = (
			);
			inputPaths = (
			);
			name = "[CP] Copy Pods Resources";
			outputPaths = (
			);
			runOnlyForDeploymentPostprocessing = 0;
			shellPath = /bin/sh;
			shellScript = "\"${SRCROOT}/Pods/Target Support Files/Pods-JenkinsDemo/Pods-JenkinsDemo-resources.sh\"\n";
			showEnvVarsInLog = 0;
		};
		F4078D368968ABEB2A5A614F /* [CP] Embed Pods Frameworks */ = {
			isa = PBXShellScriptBuildPhase;
			buildActionMask = 2147483647;
			files = (
			);
			inputPaths = (
			);
			name = "[CP] Embed Pods Frameworks";
			outputPaths = (
			);
			runOnlyForDeploymentPostprocessing = 0;
			shellPath = /bin/sh;
			shellScript = "\"${SRCROOT}/Pods/Target Support Files/Pods-JenkinsDemo/Pods-JenkinsDemo-frameworks.sh\"\n";
			showEnvVarsInLog = 0;
		};
		FCB5697701DF930BA296EFE6 /* [CP] Check Pods Manifest.lock */ = {
			isa = PBXShellScriptBuildPhase;
			buildActionMask = 2147483647;
			files = (
			);
			inputPaths = (
				"${PODS_PODFILE_DIR_PATH}/Podfile.lock",
				"${PODS_ROOT}/Manifest.lock",
			);
			name = "[CP] Check Pods Manifest.lock";
			outputPaths = (
				"$(DERIVED_FILE_DIR)/Pods-JenkinsDemo-checkManifestLockResult.txt",
			);
			runOnlyForDeploymentPostprocessing = 0;
			shellPath = /bin/sh;
			shellScript = "diff \"${PODS_PODFILE_DIR_PATH}/Podfile.lock\" \"${PODS_ROOT}/Manifest.lock\" > /dev/null\nif [ $? != 0 ] ; then\n    # print error to STDERR\n    echo \"error: The sandbox is not in sync with the Podfile.lock. Run 'pod install' or update your CocoaPods installation.\" >&2\n    exit 1\nfi\n# This output is used by Xcode 'outputs' to avoid re-running this script phase.\necho \"SUCCESS\" > \"${SCRIPT_OUTPUT_FILE_0}\"\n";
			showEnvVarsInLog = 0;
		};
/* End PBXShellScriptBuildPhase section */

/* Begin PBXSourcesBuildPhase section */
		E37D4E7E2100779500612A71 /* Sources */ = {
			isa = PBXSourcesBuildPhase;
			buildActionMask = 2147483647;
			files = (
				E37D4E882100779500612A71 /* ViewController.swift in Sources */,
				E37D4E862100779500612A71 /* AppDelegate.swift in Sources */,
			);
			runOnlyForDeploymentPostprocessing = 0;
		};
/* End PBXSourcesBuildPhase section */

/* Begin PBXVariantGroup section */
		E37D4E892100779500612A71 /* Main.storyboard */ = {
			isa = PBXVariantGroup;
			children = (
				E37D4E8A2100779500612A71 /* Base */,
			);
			name = Main.storyboard;
			sourceTree = "<group>";
		};
/* End PBXVariantGroup section */

/* Begin XCBuildConfiguration section */
		E37D4E922100779700612A71 /* Debug */ = {
			isa = XCBuildConfiguration;
			buildSettings = {
				ALWAYS_SEARCH_USER_PATHS = NO;
				CLANG_ANALYZER_NONNULL = YES;
				CLANG_ANALYZER_NUMBER_OBJECT_CONVERSION = YES_AGGRESSIVE;
				CLANG_CXX_LANGUAGE_STANDARD = "gnu++14";
				CLANG_CXX_LIBRARY = "libc++";
				CLANG_ENABLE_MODULES = YES;
				CLANG_ENABLE_OBJC_ARC = YES;
				CLANG_ENABLE_OBJC_WEAK = YES;
				CLANG_WARN_BLOCK_CAPTURE_AUTORELEASING = YES;
				CLANG_WARN_BOOL_CONVERSION = YES;
				CLANG_WARN_COMMA = YES;
				CLANG_WARN_CONSTANT_CONVERSION = YES;
				CLANG_WARN_DEPRECATED_OBJC_IMPLEMENTATIONS = YES;
				CLANG_WARN_DIRECT_OBJC_ISA_USAGE = YES_ERROR;
				CLANG_WARN_DOCUMENTATION_COMMENTS = YES;
				CLANG_WARN_EMPTY_BODY = YES;
				CLANG_WARN_ENUM_CONVERSION = YES;
				CLANG_WARN_INFINITE_RECURSION = YES;
				CLANG_WARN_INT_CONVERSION = YES;
				CLANG_WARN_NON_LITERAL_NULL_CONVERSION = YES;
				CLANG_WARN_OBJC_IMPLICIT_RETAIN_SELF = YES;
				CLANG_WARN_OBJC_LITERAL_CONVERSION = YES;
				CLANG_WARN_OBJC_ROOT_CLASS = YES_ERROR;
				CLANG_WARN_RANGE_LOOP_ANALYSIS = YES;
				CLANG_WARN_STRICT_PROTOTYPES = YES;
				CLANG_WARN_SUSPICIOUS_MOVE = YES;
				CLANG_WARN_UNGUARDED_AVAILABILITY = YES_AGGRESSIVE;
				CLANG_WARN_UNREACHABLE_CODE = YES;
				CLANG_WARN__DUPLICATE_METHOD_MATCH = YES;
				CODE_SIGN_IDENTITY = "iPhone Developer";
				COPY_PHASE_STRIP = NO;
				DEBUG_INFORMATION_FORMAT = dwarf;
				ENABLE_STRICT_OBJC_MSGSEND = YES;
				ENABLE_TESTABILITY = YES;
				GCC_C_LANGUAGE_STANDARD = gnu11;
				GCC_DYNAMIC_NO_PIC = NO;
				GCC_NO_COMMON_BLOCKS = YES;
				GCC_OPTIMIZATION_LEVEL = 0;
				GCC_PREPROCESSOR_DEFINITIONS = (
					"DEBUG=1",
					"$(inherited)",
				);
				GCC_WARN_64_TO_32_BIT_CONVERSION = YES;
				GCC_WARN_ABOUT_RETURN_TYPE = YES_ERROR;
				GCC_WARN_UNDECLARED_SELECTOR = YES;
				GCC_WARN_UNINITIALIZED_AUTOS = YES_AGGRESSIVE;
				GCC_WARN_UNUSED_FUNCTION = YES;
				GCC_WARN_UNUSED_VARIABLE = YES;
				IPHONEOS_DEPLOYMENT_TARGET = 11.4;
				MTL_ENABLE_DEBUG_INFO = YES;
				ONLY_ACTIVE_ARCH = YES;
				SDKROOT = iphoneos;
				SWIFT_ACTIVE_COMPILATION_CONDITIONS = DEBUG;
				SWIFT_OPTIMIZATION_LEVEL = "-Onone";
			};
			name = Debug;
		};
		E37D4E932100779700612A71 /* Release */ = {
			isa = XCBuildConfiguration;
			buildSettings = {
				ALWAYS_SEARCH_USER_PATHS = NO;
				CLANG_ANALYZER_NONNULL = YES;
				CLANG_ANALYZER_NUMBER_OBJECT_CONVERSION = YES_AGGRESSIVE;
				CLANG_CXX_LANGUAGE_STANDARD = "gnu++14";
				CLANG_CXX_LIBRARY = "libc++";
				CLANG_ENABLE_MODULES = YES;
				CLANG_ENABLE_OBJC_ARC = YES;
				CLANG_ENABLE_OBJC_WEAK = YES;
				CLANG_WARN_BLOCK_CAPTURE_AUTORELEASING = YES;
				CLANG_WARN_BOOL_CONVERSION = YES;
				CLANG_WARN_COMMA = YES;
				CLANG_WARN_CONSTANT_CONVERSION = YES;
				CLANG_WARN_DEPRECATED_OBJC_IMPLEMENTATIONS = YES;
				CLANG_WARN_DIRECT_OBJC_ISA_USAGE = YES_ERROR;
				CLANG_WARN_DOCUMENTATION_COMMENTS = YES;
				CLANG_WARN_EMPTY_BODY = YES;
				CLANG_WARN_ENUM_CONVERSION = YES;
				CLANG_WARN_INFINITE_RECURSION = YES;
				CLANG_WARN_INT_CONVERSION = YES;
				CLANG_WARN_NON_LITERAL_NULL_CONVERSION = YES;
				CLANG_WARN_OBJC_IMPLICIT_RETAIN_SELF = YES;
				CLANG_WARN_OBJC_LITERAL_CONVERSION = YES;
				CLANG_WARN_OBJC_ROOT_CLASS = YES_ERROR;
				CLANG_WARN_RANGE_LOOP_ANALYSIS = YES;
				CLANG_WARN_STRICT_PROTOTYPES = YES;
				CLANG_WARN_SUSPICIOUS_MOVE = YES;
				CLANG_WARN_UNGUARDED_AVAILABILITY = YES_AGGRESSIVE;
				CLANG_WARN_UNREACHABLE_CODE = YES;
				CLANG_WARN__DUPLICATE_METHOD_MATCH = YES;
				CODE_SIGN_IDENTITY = "iPhone Developer";
				COPY_PHASE_STRIP = NO;
				DEBUG_INFORMATION_FORMAT = "dwarf-with-dsym";
				ENABLE_NS_ASSERTIONS = NO;
				ENABLE_STRICT_OBJC_MSGSEND = YES;
				GCC_C_LANGUAGE_STANDARD = gnu11;
				GCC_NO_COMMON_BLOCKS = YES;
				GCC_WARN_64_TO_32_BIT_CONVERSION = YES;
				GCC_WARN_ABOUT_RETURN_TYPE = YES_ERROR;
				GCC_WARN_UNDECLARED_SELECTOR = YES;
				GCC_WARN_UNINITIALIZED_AUTOS = YES_AGGRESSIVE;
				GCC_WARN_UNUSED_FUNCTION = YES;
				GCC_WARN_UNUSED_VARIABLE = YES;
				IPHONEOS_DEPLOYMENT_TARGET = 11.4;
				MTL_ENABLE_DEBUG_INFO = NO;
				SDKROOT = iphoneos;
				SWIFT_COMPILATION_MODE = wholemodule;
				SWIFT_OPTIMIZATION_LEVEL = "-O";
				VALIDATE_PRODUCT = YES;
			};
			name = Release;
		};
		E37D4E952100779700612A71 /* Debug */ = {
			isa = XCBuildConfiguration;
			baseConfigurationReference = DA9F4E60770A55141FD66082 /* Pods-JenkinsDemo.debug.xcconfig */;
			buildSettings = {
				ASSETCATALOG_COMPILER_APPICON_NAME = AppIcon;
				ASSETCATALOG_COMPILER_LAUNCHIMAGE_NAME = LaunchImage;
				CODE_SIGN_STYLE = Automatic;
				DEVELOPMENT_TEAM = 536KAGAHY3;
				INFOPLIST_FILE = JenkinsDemo/Info.plist;
				IPHONEOS_DEPLOYMENT_TARGET = 10.0;
				LD_RUNPATH_SEARCH_PATHS = "$(inherited) @executable_path/Frameworks";
				PRODUCT_BUNDLE_IDENTIFIER = com.zbs6.JenkinsDemo;
				PRODUCT_NAME = "$(TARGET_NAME)";
				SWIFT_VERSION = 4.0;
				TARGETED_DEVICE_FAMILY = 1;
			};
			name = Debug;
		};
		E37D4E962100779700612A71 /* Release */ = {
			isa = XCBuildConfiguration;
			baseConfigurationReference = CBBEFFBFB59BAD2886C4BA83 /* Pods-JenkinsDemo.release.xcconfig */;
			buildSettings = {
				ASSETCATALOG_COMPILER_APPICON_NAME = AppIcon;
				ASSETCATALOG_COMPILER_LAUNCHIMAGE_NAME = LaunchImage;
				CODE_SIGN_STYLE = Automatic;
				DEVELOPMENT_TEAM = 536KAGAHY3;
				INFOPLIST_FILE = JenkinsDemo/Info.plist;
				IPHONEOS_DEPLOYMENT_TARGET = 10.0;
				LD_RUNPATH_SEARCH_PATHS = "$(inherited) @executable_path/Frameworks";
				PRODUCT_BUNDLE_IDENTIFIER = com.zbs6.JenkinsDemo;
				PRODUCT_NAME = "$(TARGET_NAME)";
				SWIFT_VERSION = 4.0;
				TARGETED_DEVICE_FAMILY = 1;
			};
			name = Release;
		};
/* End XCBuildConfiguration section */

/* Begin XCConfigurationList section */
		E37D4E7D2100779500612A71 /* Build configuration list for PBXProject "JenkinsDemo" */ = {
			isa = XCConfigurationList;
			buildConfigurations = (
				E37D4E922100779700612A71 /* Debug */,
				E37D4E932100779700612A71 /* Release */,
			);
			defaultConfigurationIsVisible = 0;
			defaultConfigurationName = Release;
		};
		E37D4E942100779700612A71 /* Build configuration list for PBXNativeTarget "JenkinsDemo" */ = {
			isa = XCConfigurationList;
			buildConfigurations = (
				E37D4E952100779700612A71 /* Debug */,
				E37D4E962100779700612A71 /* Release */,
			);
			defaultConfigurationIsVisible = 0;
			defaultConfigurationName = Release;
		};
/* End XCConfigurationList section */
	};
	rootObject = E37D4E7A2100779500612A71 /* Project object */;
}
